<?xml version="1.0" encoding="utf-8"?>
<Project ToolsVersion="4.0" xmlns="http://schemas.microsoft.com/developer/msbuild/2003">
  <ItemGroup>
    <Filter Include="Source">
      <UniqueIdentifier>{95190db0-1ecf-446a-9237-8e557aaaa02a}</UniqueIdentifier>
    </Filter>
    <Filter Include="Header">
      <UniqueIdentifier>{cba5a698-1946-4620-a97f-d284de97c1cc}</UniqueIdentifier>
    </Filter>
    <Filter Include="Module">
      <UniqueIdentifier>{7b29481f-9415-4af6-9830-e150af648a7d}</UniqueIdentifier>
    </Filter>
    <Filter Include="Module\FCPE">
      <UniqueIdentifier>{a5e59a4b-ec40-4f25-99e8-938f219ea05a}</UniqueIdentifier>
    </Filter>
    <Filter Include="Util">
      <UniqueIdentifier>{8389ae67-0af5-47ff-9e24-40767fdb8c55}</UniqueIdentifier>
    </Filter>
  </ItemGroup>
  <ItemGroup>
    <CudaCompile Include="kernel.h">
      <Filter>Header</Filter>
    </CudaCompile>
    <CudaCompile Include="kernel.cu">
      <Filter>Source</Filter>
    </CudaCompile>
    <CudaCompile Include="binary.cu">
      <Filter>Source</Filter>
    </CudaCompile>
    <CudaCompile Include="test.cu" />
    <CudaCompile Include="fcpe.cu">
      <Filter>Module\FCPE</Filter>
    </CudaCompile>
    <CudaCompile Include="base.cu">
      <Filter>Module</Filter>
    </CudaCompile>
  </ItemGroup>
  <ItemGroup>
    <ClInclude Include="binary.h">
      <Filter>Header</Filter>
    </ClInclude>
    <ClInclude Include="fcpe.h">
      <Filter>Module\FCPE</Filter>
    </ClInclude>
    <ClInclude Include="base.h">
      <Filter>Module</Filter>
    </ClInclude>
    <ClInclude Include="npy.h">
      <Filter>Util</Filter>
    </ClInclude>
  </ItemGroup>
  <ItemGroup>
    <ClCompile Include="npy.cpp">
      <Filter>Util</Filter>
    </ClCompile>
  </ItemGroup>
</Project>